// !$*UTF8*$!
{
	archiveVersion = 1;
	classes = {
	};
	objectVersion = 46;
	objects = {

/* Begin PBXBuildFile section */
		1748262B1E7782E600258A24 /* main.m in Sources */ = {isa = PBXBuildFile; fileRef = 1748262A1E7782E600258A24 /* main.m */; };
		1748262E1E7782E600258A24 /* AppDelegate.m in Sources */ = {isa = PBXBuildFile; fileRef = 1748262D1E7782E600258A24 /* AppDelegate.m */; };
		174826311E7782E600258A24 /* ViewController.m in Sources */ = {isa = PBXBuildFile; fileRef = 174826301E7782E600258A24 /* ViewController.m */; };
		174826341E7782E600258A24 /* Main.storyboard in Resources */ = {isa = PBXBuildFile; fileRef = 174826321E7782E600258A24 /* Main.storyboard */; };
		174826361E7782E600258A24 /* Assets.xcassets in Resources */ = {isa = PBXBuildFile; fileRef = 174826351E7782E600258A24 /* Assets.xcassets */; };
		174826391E7782E600258A24 /* LaunchScreen.storyboard in Resources */ = {isa = PBXBuildFile; fileRef = 174826371E7782E600258A24 /* LaunchScreen.storyboard */; };
		174826441E7782E600258A24 /* BQLAuthEngineTests.m in Sources */ = {isa = PBXBuildFile; fileRef = 174826431E7782E600258A24 /* BQLAuthEngineTests.m */; };
		1748264F1E7782E600258A24 /* BQLAuthEngineUITests.m in Sources */ = {isa = PBXBuildFile; fileRef = 1748264E1E7782E600258A24 /* BQLAuthEngineUITests.m */; };
		1748266A1E77837300258A24 /* BQLAuthEngine.m in Sources */ = {isa = PBXBuildFile; fileRef = 1748265E1E77837300258A24 /* BQLAuthEngine.m */; };
		1748266B1E77837300258A24 /* TencentOpenAPI.framework in Frameworks */ = {isa = PBXBuildFile; fileRef = 174826611E77837300258A24 /* TencentOpenAPI.framework */; };
		1748266C1E77837300258A24 /* TencentOpenApi_IOS_Bundle.bundle in Resources */ = {isa = PBXBuildFile; fileRef = 174826621E77837300258A24 /* TencentOpenApi_IOS_Bundle.bundle */; };
		1748266D1E77837300258A24 /* libWeChatSDK.a in Frameworks */ = {isa = PBXBuildFile; fileRef = 174826651E77837300258A24 /* libWeChatSDK.a */; };
		1748266E1E77837300258A24 /* README.txt in Resources */ = {isa = PBXBuildFile; fileRef = 174826661E77837300258A24 /* README.txt */; };
		174826711E7783C700258A24 /* libiconv.tbd in Frameworks */ = {isa = PBXBuildFile; fileRef = 174826701E7783C700258A24 /* libiconv.tbd */; };
		174826731E7783CE00258A24 /* SystemConfiguration.framework in Frameworks */ = {isa = PBXBuildFile; fileRef = 174826721E7783CE00258A24 /* SystemConfiguration.framework */; };
		174826751E7783D500258A24 /* CoreGraphics.framework in Frameworks */ = {isa = PBXBuildFile; fileRef = 174826741E7783D500258A24 /* CoreGraphics.framework */; };
		174826771E7783DC00258A24 /* libsqlite3.tbd in Frameworks */ = {isa = PBXBuildFile; fileRef = 174826761E7783DC00258A24 /* libsqlite3.tbd */; };
		174826791E7783E400258A24 /* CoreTelephony.framework in Frameworks */ = {isa = PBXBuildFile; fileRef = 174826781E7783E400258A24 /* CoreTelephony.framework */; };
		1748267B1E7783ED00258A24 /* libstdc++.tbd in Frameworks */ = {isa = PBXBuildFile; fileRef = 1748267A1E7783ED00258A24 /* libstdc++.tbd */; };
		1748267D1E7783F400258A24 /* libz.tbd in Frameworks */ = {isa = PBXBuildFile; fileRef = 1748267C1E7783F400258A24 /* libz.tbd */; };
		174826801E778D1600258A24 /* BQLShareModel.m in Sources */ = {isa = PBXBuildFile; fileRef = 1748267F1E778D1600258A24 /* BQLShareModel.m */; };
		174826871E779BD800258A24 /* qqf.png in Resources */ = {isa = PBXBuildFile; fileRef = 174826821E779BD800258A24 /* qqf.png */; };
		174826881E779BD800258A24 /* qqz.png in Resources */ = {isa = PBXBuildFile; fileRef = 174826831E779BD800258A24 /* qqz.png */; };
		174826891E779BD800258A24 /* wechatf.png in Resources */ = {isa = PBXBuildFile; fileRef = 174826841E779BD800258A24 /* wechatf.png */; };
		1748268A1E779BD800258A24 /* wechatt.png in Resources */ = {isa = PBXBuildFile; fileRef = 174826851E779BD800258A24 /* wechatt.png */; };
		1748268B1E779BD800258A24 /* weibo.png in Resources */ = {isa = PBXBuildFile; fileRef = 174826861E779BD800258A24 /* weibo.png */; };
		AE4596246DA65F269D90FDDA /* libPods-BQLAuthEngine.a in Frameworks */ = {isa = PBXBuildFile; fileRef = AD2BD67FE73CE4ECD9DAC2FC /* libPods-BQLAuthEngine.a */; };
/* End PBXBuildFile section */

/* Begin PBXContainerItemProxy section */
		174826401E7782E600258A24 /* PBXContainerItemProxy */ = {
			isa = PBXContainerItemProxy;
			containerPortal = 1748261E1E7782E600258A24 /* Project object */;
			proxyType = 1;
			remoteGlobalIDString = 174826251E7782E600258A24;
			remoteInfo = BQLAuthEngine;
		};
		1748264B1E7782E600258A24 /* PBXContainerItemProxy */ = {
			isa = PBXContainerItemProxy;
			containerPortal = 1748261E1E7782E600258A24 /* Project object */;
			proxyType = 1;
			remoteGlobalIDString = 174826251E7782E600258A24;
			remoteInfo = BQLAuthEngine;
		};
/* End PBXContainerItemProxy section */

/* Begin PBXFileReference section */
		174826261E7782E600258A24 /* BQLAuthEngine.app */ = {isa = PBXFileReference; explicitFileType = wrapper.application; includeInIndex = 0; path = BQLAuthEngine.app; sourceTree = BUILT_PRODUCTS_DIR; };
		1748262A1E7782E600258A24 /* main.m */ = {isa = PBXFileReference; lastKnownFileType = sourcecode.c.objc; path = main.m; sourceTree = "<group>"; };
		1748262C1E7782E600258A24 /* AppDelegate.h */ = {isa = PBXFileReference; lastKnownFileType = sourcecode.c.h; path = AppDelegate.h; sourceTree = "<group>"; };
		1748262D1E7782E600258A24 /* AppDelegate.m */ = {isa = PBXFileReference; lastKnownFileType = sourcecode.c.objc; path = AppDelegate.m; sourceTree = "<group>"; };
		1748262F1E7782E600258A24 /* ViewController.h */ = {isa = PBXFileReference; lastKnownFileType = sourcecode.c.h; path = ViewController.h; sourceTree = "<group>"; };
		174826301E7782E600258A24 /* ViewController.m */ = {isa = PBXFileReference; lastKnownFileType = sourcecode.c.objc; path = ViewController.m; sourceTree = "<group>"; };
		174826331E7782E600258A24 /* Base */ = {isa = PBXFileReference; lastKnownFileType = file.storyboard; name = Base; path = Base.lproj/Main.storyboard; sourceTree = "<group>"; };
		174826351E7782E600258A24 /* Assets.xcassets */ = {isa = PBXFileReference; lastKnownFileType = folder.assetcatalog; path = Assets.xcassets; sourceTree = "<group>"; };
		174826381E7782E600258A24 /* Base */ = {isa = PBXFileReference; lastKnownFileType = file.storyboard; name = Base; path = Base.lproj/LaunchScreen.storyboard; sourceTree = "<group>"; };
		1748263A1E7782E600258A24 /* Info.plist */ = {isa = PBXFileReference; lastKnownFileType = text.plist.xml; path = Info.plist; sourceTree = "<group>"; };
		1748263F1E7782E600258A24 /* BQLAuthEngineTests.xctest */ = {isa = PBXFileReference; explicitFileType = wrapper.cfbundle; includeInIndex = 0; path = BQLAuthEngineTests.xctest; sourceTree = BUILT_PRODUCTS_DIR; };
		174826431E7782E600258A24 /* BQLAuthEngineTests.m */ = {isa = PBXFileReference; lastKnownFileType = sourcecode.c.objc; path = BQLAuthEngineTests.m; sourceTree = "<group>"; };
		174826451E7782E600258A24 /* Info.plist */ = {isa = PBXFileReference; lastKnownFileType = text.plist.xml; path = Info.plist; sourceTree = "<group>"; };
		1748264A1E7782E600258A24 /* BQLAuthEngineUITests.xctest */ = {isa = PBXFileReference; explicitFileType = wrapper.cfbundle; includeInIndex = 0; path = BQLAuthEngineUITests.xctest; sourceTree = BUILT_PRODUCTS_DIR; };
		1748264E1E7782E600258A24 /* BQLAuthEngineUITests.m */ = {isa = PBXFileReference; lastKnownFileType = sourcecode.c.objc; path = BQLAuthEngineUITests.m; sourceTree = "<group>"; };
		174826501E7782E600258A24 /* Info.plist */ = {isa = PBXFileReference; lastKnownFileType = text.plist.xml; path = Info.plist; sourceTree = "<group>"; };
		1748265D1E77837300258A24 /* BQLAuthEngine.h */ = {isa = PBXFileReference; fileEncoding = 4; lastKnownFileType = sourcecode.c.h; path = BQLAuthEngine.h; sourceTree = "<group>"; };
		1748265E1E77837300258A24 /* BQLAuthEngine.m */ = {isa = PBXFileReference; fileEncoding = 4; lastKnownFileType = sourcecode.c.objc; path = BQLAuthEngine.m; sourceTree = "<group>"; };
		174826611E77837300258A24 /* TencentOpenAPI.framework */ = {isa = PBXFileReference; lastKnownFileType = wrapper.framework; path = TencentOpenAPI.framework; sourceTree = "<group>"; };
		174826621E77837300258A24 /* TencentOpenApi_IOS_Bundle.bundle */ = {isa = PBXFileReference; lastKnownFileType = "wrapper.plug-in"; path = TencentOpenApi_IOS_Bundle.bundle; sourceTree = "<group>"; };
		174826651E77837300258A24 /* libWeChatSDK.a */ = {isa = PBXFileReference; lastKnownFileType = archive.ar; path = libWeChatSDK.a; sourceTree = "<group>"; };
		174826661E77837300258A24 /* README.txt */ = {isa = PBXFileReference; fileEncoding = 4; lastKnownFileType = text; path = README.txt; sourceTree = "<group>"; };
		174826671E77837300258A24 /* WechatAuthSDK.h */ = {isa = PBXFileReference; fileEncoding = 4; lastKnownFileType = sourcecode.c.h; path = WechatAuthSDK.h; sourceTree = "<group>"; };
		174826681E77837300258A24 /* WXApi.h */ = {isa = PBXFileReference; fileEncoding = 4; lastKnownFileType = sourcecode.c.h; path = WXApi.h; sourceTree = "<group>"; };
		174826691E77837300258A24 /* WXApiObject.h */ = {isa = PBXFileReference; fileEncoding = 4; lastKnownFileType = sourcecode.c.h; path = WXApiObject.h; sourceTree = "<group>"; };
		174826701E7783C700258A24 /* libiconv.tbd */ = {isa = PBXFileReference; lastKnownFileType = "sourcecode.text-based-dylib-definition"; name = libiconv.tbd; path = usr/lib/libiconv.tbd; sourceTree = SDKROOT; };
		174826721E7783CE00258A24 /* SystemConfiguration.framework */ = {isa = PBXFileReference; lastKnownFileType = wrapper.framework; name = SystemConfiguration.framework; path = System/Library/Frameworks/SystemConfiguration.framework; sourceTree = SDKROOT; };
		174826741E7783D500258A24 /* CoreGraphics.framework */ = {isa = PBXFileReference; lastKnownFileType = wrapper.framework; name = CoreGraphics.framework; path = System/Library/Frameworks/CoreGraphics.framework; sourceTree = SDKROOT; };
		174826761E7783DC00258A24 /* libsqlite3.tbd */ = {isa = PBXFileReference; lastKnownFileType = "sourcecode.text-based-dylib-definition"; name = libsqlite3.tbd; path = usr/lib/libsqlite3.tbd; sourceTree = SDKROOT; };
		174826781E7783E400258A24 /* CoreTelephony.framework */ = {isa = PBXFileReference; lastKnownFileType = wrapper.framework; name = CoreTelephony.framework; path = System/Library/Frameworks/CoreTelephony.framework; sourceTree = SDKROOT; };
		1748267A1E7783ED00258A24 /* libstdc++.tbd */ = {isa = PBXFileReference; lastKnownFileType = "sourcecode.text-based-dylib-definition"; name = "libstdc++.tbd"; path = "usr/lib/libstdc++.tbd"; sourceTree = SDKROOT; };
		1748267C1E7783F400258A24 /* libz.tbd */ = {isa = PBXFileReference; lastKnownFileType = "sourcecode.text-based-dylib-definition"; name = libz.tbd; path = usr/lib/libz.tbd; sourceTree = SDKROOT; };
		1748267E1E778D1600258A24 /* BQLShareModel.h */ = {isa = PBXFileReference; fileEncoding = 4; lastKnownFileType = sourcecode.c.h; path = BQLShareModel.h; sourceTree = "<group>"; };
		1748267F1E778D1600258A24 /* BQLShareModel.m */ = {isa = PBXFileReference; fileEncoding = 4; lastKnownFileType = sourcecode.c.objc; path = BQLShareModel.m; sourceTree = "<group>"; };
		174826821E779BD800258A24 /* qqf.png */ = {isa = PBXFileReference; lastKnownFileType = image.png; path = qqf.png; sourceTree = "<group>"; };
		174826831E779BD800258A24 /* qqz.png */ = {isa = PBXFileReference; lastKnownFileType = image.png; path = qqz.png; sourceTree = "<group>"; };
		174826841E779BD800258A24 /* wechatf.png */ = {isa = PBXFileReference; lastKnownFileType = image.png; path = wechatf.png; sourceTree = "<group>"; };
		174826851E779BD800258A24 /* wechatt.png */ = {isa = PBXFileReference; lastKnownFileType = image.png; path = wechatt.png; sourceTree = "<group>"; };
		174826861E779BD800258A24 /* weibo.png */ = {isa = PBXFileReference; lastKnownFileType = image.png; path = weibo.png; sourceTree = "<group>"; };
		740708D7FCAF38902DF27476 /* Pods-BQLAuthEngine.debug.xcconfig */ = {isa = PBXFileReference; includeInIndex = 1; lastKnownFileType = text.xcconfig; name = "Pods-BQLAuthEngine.debug.xcconfig"; path = "Pods/Target Support Files/Pods-BQLAuthEngine/Pods-BQLAuthEngine.debug.xcconfig"; sourceTree = "<group>"; };
		AD2BD67FE73CE4ECD9DAC2FC /* libPods-BQLAuthEngine.a */ = {isa = PBXFileReference; explicitFileType = archive.ar; includeInIndex = 0; path = "libPods-BQLAuthEngine.a"; sourceTree = BUILT_PRODUCTS_DIR; };
		E134855225127C9E385696BA /* Pods-BQLAuthEngine.release.xcconfig */ = {isa = PBXFileReference; includeInIndex = 1; lastKnownFileType = text.xcconfig; name = "Pods-BQLAuthEngine.release.xcconfig"; path = "Pods/Target Support Files/Pods-BQLAuthEngine/Pods-BQLAuthEngine.release.xcconfig"; sourceTree = "<group>"; };
/* End PBXFileReference section */

/* Begin PBXFrameworksBuildPhase section */
		174826231E7782E600258A24 /* Frameworks */ = {
			isa = PBXFrameworksBuildPhase;
			buildActionMask = 2147483647;
			files = (
				1748267D1E7783F400258A24 /* libz.tbd in Frameworks */,
				1748267B1E7783ED00258A24 /* libstdc++.tbd in Frameworks */,
				174826791E7783E400258A24 /* CoreTelephony.framework in Frameworks */,
				174826771E7783DC00258A24 /* libsqlite3.tbd in Frameworks */,
				174826751E7783D500258A24 /* CoreGraphics.framework in Frameworks */,
				174826731E7783CE00258A24 /* SystemConfiguration.framework in Frameworks */,
				174826711E7783C700258A24 /* libiconv.tbd in Frameworks */,
				1748266D1E77837300258A24 /* libWeChatSDK.a in Frameworks */,
				1748266B1E77837300258A24 /* TencentOpenAPI.framework in Frameworks */,
				AE4596246DA65F269D90FDDA /* libPods-BQLAuthEngine.a in Frameworks */,
			);
			runOnlyForDeploymentPostprocessing = 0;
		};
		1748263C1E7782E600258A24 /* Frameworks */ = {
			isa = PBXFrameworksBuildPhase;
			buildActionMask = 2147483647;
			files = (
			);
			runOnlyForDeploymentPostprocessing = 0;
		};
		174826471E7782E600258A24 /* Frameworks */ = {
			isa = PBXFrameworksBuildPhase;
			buildActionMask = 2147483647;
			files = (
			);
			runOnlyForDeploymentPostprocessing = 0;
		};
/* End PBXFrameworksBuildPhase section */

/* Begin PBXGroup section */
		1748261D1E7782E600258A24 = {
			isa = PBXGroup;
			children = (
				174826281E7782E600258A24 /* BQLAuthEngine */,
				174826421E7782E600258A24 /* BQLAuthEngineTests */,
				1748264D1E7782E600258A24 /* BQLAuthEngineUITests */,
				174826271E7782E600258A24 /* Products */,
				1748266F1E7783C700258A24 /* Frameworks */,
				B4864C5AF7D0EE3F591ED736 /* Pods */,
			);
			sourceTree = "<group>";
		};
		174826271E7782E600258A24 /* Products */ = {
			isa = PBXGroup;
			children = (
				174826261E7782E600258A24 /* BQLAuthEngine.app */,
				1748263F1E7782E600258A24 /* BQLAuthEngineTests.xctest */,
				1748264A1E7782E600258A24 /* BQLAuthEngineUITests.xctest */,
			);
			name = Products;
			sourceTree = "<group>";
		};
		174826281E7782E600258A24 /* BQLAuthEngine */ = {
			isa = PBXGroup;
			children = (
				1748265C1E77837300258A24 /* BQLAuthEngine */,
				1748262C1E7782E600258A24 /* AppDelegate.h */,
				1748262D1E7782E600258A24 /* AppDelegate.m */,
				1748262F1E7782E600258A24 /* ViewController.h */,
				174826301E7782E600258A24 /* ViewController.m */,
				174826321E7782E600258A24 /* Main.storyboard */,
				174826351E7782E600258A24 /* Assets.xcassets */,
				174826371E7782E600258A24 /* LaunchScreen.storyboard */,
				1748263A1E7782E600258A24 /* Info.plist */,
				174826291E7782E600258A24 /* Supporting Files */,
			);
			path = BQLAuthEngine;
			sourceTree = "<group>";
		};
		174826291E7782E600258A24 /* Supporting Files */ = {
			isa = PBXGroup;
			children = (
				1748262A1E7782E600258A24 /* main.m */,
			);
			name = "Supporting Files";
			sourceTree = "<group>";
		};
		174826421E7782E600258A24 /* BQLAuthEngineTests */ = {
			isa = PBXGroup;
			children = (
				174826431E7782E600258A24 /* BQLAuthEngineTests.m */,
				174826451E7782E600258A24 /* Info.plist */,
			);
			path = BQLAuthEngineTests;
			sourceTree = "<group>";
		};
		1748264D1E7782E600258A24 /* BQLAuthEngineUITests */ = {
			isa = PBXGroup;
			children = (
				1748264E1E7782E600258A24 /* BQLAuthEngineUITests.m */,
				174826501E7782E600258A24 /* Info.plist */,
			);
			path = BQLAuthEngineUITests;
			sourceTree = "<group>";
		};
		1748265C1E77837300258A24 /* BQLAuthEngine */ = {
			isa = PBXGroup;
			children = (
				1748267E1E778D1600258A24 /* BQLShareModel.h */,
				1748267F1E778D1600258A24 /* BQLShareModel.m */,
				1748265D1E77837300258A24 /* BQLAuthEngine.h */,
				1748265E1E77837300258A24 /* BQLAuthEngine.m */,
				174826811E779BD800258A24 /* images */,
				1748265F1E77837300258A24 /* SDK */,
			);
			path = BQLAuthEngine;
			sourceTree = "<group>";
		};
		1748265F1E77837300258A24 /* SDK */ = {
			isa = PBXGroup;
			children = (
				174826601E77837300258A24 /* QQ */,
				174826631E77837300258A24 /* Sina */,
				174826641E77837300258A24 /* Wechat */,
			);
			path = SDK;
			sourceTree = "<group>";
		};
		174826601E77837300258A24 /* QQ */ = {
			isa = PBXGroup;
			children = (
				174826611E77837300258A24 /* TencentOpenAPI.framework */,
				174826621E77837300258A24 /* TencentOpenApi_IOS_Bundle.bundle */,
			);
			path = QQ;
			sourceTree = "<group>";
		};
		174826631E77837300258A24 /* Sina */ = {
			isa = PBXGroup;
			children = (
			);
			path = Sina;
			sourceTree = "<group>";
		};
		174826641E77837300258A24 /* Wechat */ = {
			isa = PBXGroup;
			children = (
				174826651E77837300258A24 /* libWeChatSDK.a */,
				174826661E77837300258A24 /* README.txt */,
				174826671E77837300258A24 /* WechatAuthSDK.h */,
				174826681E77837300258A24 /* WXApi.h */,
				174826691E77837300258A24 /* WXApiObject.h */,
			);
			path = Wechat;
			sourceTree = "<group>";
		};
		1748266F1E7783C700258A24 /* Frameworks */ = {
			isa = PBXGroup;
			children = (
				1748267C1E7783F400258A24 /* libz.tbd */,
				1748267A1E7783ED00258A24 /* libstdc++.tbd */,
				174826781E7783E400258A24 /* CoreTelephony.framework */,
				174826761E7783DC00258A24 /* libsqlite3.tbd */,
				174826741E7783D500258A24 /* CoreGraphics.framework */,
				174826721E7783CE00258A24 /* SystemConfiguration.framework */,
				174826701E7783C700258A24 /* libiconv.tbd */,
				AD2BD67FE73CE4ECD9DAC2FC /* libPods-BQLAuthEngine.a */,
			);
			name = Frameworks;
			sourceTree = "<group>";
		};
		174826811E779BD800258A24 /* images */ = {
			isa = PBXGroup;
			children = (
				174826821E779BD800258A24 /* qqf.png */,
				174826831E779BD800258A24 /* qqz.png */,
				174826841E779BD800258A24 /* wechatf.png */,
				174826851E779BD800258A24 /* wechatt.png */,
				174826861E779BD800258A24 /* weibo.png */,
			);
			path = images;
			sourceTree = "<group>";
		};
		B4864C5AF7D0EE3F591ED736 /* Pods */ = {
			isa = PBXGroup;
			children = (
				740708D7FCAF38902DF27476 /* Pods-BQLAuthEngine.debug.xcconfig */,
				E134855225127C9E385696BA /* Pods-BQLAuthEngine.release.xcconfig */,
			);
			name = Pods;
			sourceTree = "<group>";
		};
/* End PBXGroup section */

/* Begin PBXNativeTarget section */
		174826251E7782E600258A24 /* BQLAuthEngine */ = {
			isa = PBXNativeTarget;
			buildConfigurationList = 174826531E7782E600258A24 /* Build configuration list for PBXNativeTarget "BQLAuthEngine" */;
			buildPhases = (
				9F44A1C2CEF6B91B4C1B42F7 /* [CP] Check Pods Manifest.lock */,
				174826221E7782E600258A24 /* Sources */,
				174826231E7782E600258A24 /* Frameworks */,
				174826241E7782E600258A24 /* Resources */,
				97F6097BF23D3F953331D35E /* [CP] Embed Pods Frameworks */,
				7DC1DA48E77AA993AF0D49A1 /* [CP] Copy Pods Resources */,
			);
			buildRules = (
			);
			dependencies = (
			);
			name = BQLAuthEngine;
			productName = BQLAuthEngine;
			productReference = 174826261E7782E600258A24 /* BQLAuthEngine.app */;
			productType = "com.apple.product-type.application";
		};
		1748263E1E7782E600258A24 /* BQLAuthEngineTests */ = {
			isa = PBXNativeTarget;
			buildConfigurationList = 174826561E7782E600258A24 /* Build configuration list for PBXNativeTarget "BQLAuthEngineTests" */;
			buildPhases = (
				1748263B1E7782E600258A24 /* Sources */,
				1748263C1E7782E600258A24 /* Frameworks */,
				1748263D1E7782E600258A24 /* Resources */,
			);
			buildRules = (
			);
			dependencies = (
				174826411E7782E600258A24 /* PBXTargetDependency */,
			);
			name = BQLAuthEngineTests;
			productName = BQLAuthEngineTests;
			productReference = 1748263F1E7782E600258A24 /* BQLAuthEngineTests.xctest */;
			productType = "com.apple.product-type.bundle.unit-test";
		};
		174826491E7782E600258A24 /* BQLAuthEngineUITests */ = {
			isa = PBXNativeTarget;
			buildConfigurationList = 174826591E7782E600258A24 /* Build configuration list for PBXNativeTarget "BQLAuthEngineUITests" */;
			buildPhases = (
				174826461E7782E600258A24 /* Sources */,
				174826471E7782E600258A24 /* Frameworks */,
				174826481E7782E600258A24 /* Resources */,
			);
			buildRules = (
			);
			dependencies = (
				1748264C1E7782E600258A24 /* PBXTargetDependency */,
			);
			name = BQLAuthEngineUITests;
			productName = BQLAuthEngineUITests;
			productReference = 1748264A1E7782E600258A24 /* BQLAuthEngineUITests.xctest */;
			productType = "com.apple.product-type.bundle.ui-testing";
		};
/* End PBXNativeTarget section */

/* Begin PBXProject section */
		1748261E1E7782E600258A24 /* Project object */ = {
			isa = PBXProject;
			attributes = {
				LastUpgradeCheck = 0810;
				ORGANIZATIONNAME = biqinglin;
				TargetAttributes = {
					174826251E7782E600258A24 = {
						CreatedOnToolsVersion = 8.1;
						DevelopmentTeam = 6CLPJRDWPC;
						ProvisioningStyle = Manual;
					};
					1748263E1E7782E600258A24 = {
						CreatedOnToolsVersion = 8.1;
						DevelopmentTeam = UCG3JW5WXD;
						ProvisioningStyle = Automatic;
						TestTargetID = 174826251E7782E600258A24;
					};
					174826491E7782E600258A24 = {
						CreatedOnToolsVersion = 8.1;
						DevelopmentTeam = UCG3JW5WXD;
						ProvisioningStyle = Automatic;
						TestTargetID = 174826251E7782E600258A24;
					};
				};
			};
			buildConfigurationList = 174826211E7782E600258A24 /* Build configuration list for PBXProject "BQLAuthEngine" */;
			compatibilityVersion = "Xcode 3.2";
			developmentRegion = English;
			hasScannedForEncodings = 0;
			knownRegions = (
				en,
				Base,
			);
			mainGroup = 1748261D1E7782E600258A24;
			productRefGroup = 174826271E7782E600258A24 /* Products */;
			projectDirPath = "";
			projectRoot = "";
			targets = (
				174826251E7782E600258A24 /* BQLAuthEngine */,
				1748263E1E7782E600258A24 /* BQLAuthEngineTests */,
				174826491E7782E600258A24 /* BQLAuthEngineUITests */,
			);
		};
/* End PBXProject section */

/* Begin PBXResourcesBuildPhase section */
		174826241E7782E600258A24 /* Resources */ = {
			isa = PBXResourcesBuildPhase;
			buildActionMask = 2147483647;
			files = (
				1748268B1E779BD800258A24 /* weibo.png in Resources */,
				174826891E779BD800258A24 /* wechatf.png in Resources */,
				1748268A1E779BD800258A24 /* wechatt.png in Resources */,
				174826871E779BD800258A24 /* qqf.png in Resources */,
				1748266C1E77837300258A24 /* TencentOpenApi_IOS_Bundle.bundle in Resources */,
				174826391E7782E600258A24 /* LaunchScreen.storyboard in Resources */,
				174826881E779BD800258A24 /* qqz.png in Resources */,
				174826361E7782E600258A24 /* Assets.xcassets in Resources */,
				174826341E7782E600258A24 /* Main.storyboard in Resources */,
				1748266E1E77837300258A24 /* README.txt in Resources */,
			);
			runOnlyForDeploymentPostprocessing = 0;
		};
		1748263D1E7782E600258A24 /* Resources */ = {
			isa = PBXResourcesBuildPhase;
			buildActionMask = 2147483647;
			files = (
			);
			runOnlyForDeploymentPostprocessing = 0;
		};
		174826481E7782E600258A24 /* Resources */ = {
			isa = PBXResourcesBuildPhase;
			buildActionMask = 2147483647;
			files = (
			);
			runOnlyForDeploymentPostprocessing = 0;
		};
/* End PBXResourcesBuildPhase section */

/* Begin PBXShellScriptBuildPhase section */
		7DC1DA48E77AA993AF0D49A1 /* [CP] Copy Pods Resources */ = {
			isa = PBXShellScriptBuildPhase;
			buildActionMask = 2147483647;
			files = (
			);
			inputPaths = (
			);
			name = "[CP] Copy Pods Resources";
			outputPaths = (
			);
			runOnlyForDeploymentPostprocessing = 0;
			shellPath = /bin/sh;
			shellScript = "\"${SRCROOT}/Pods/Target Support Files/Pods-BQLAuthEngine/Pods-BQLAuthEngine-resources.sh\"\n";
			showEnvVarsInLog = 0;
		};
		97F6097BF23D3F953331D35E /* [CP] Embed Pods Frameworks */ = {
			isa = PBXShellScriptBuildPhase;
			buildActionMask = 2147483647;
			files = (
			);
			inputPaths = (
			);
			name = "[CP] Embed Pods Frameworks";
			outputPaths = (
			);
			runOnlyForDeploymentPostprocessing = 0;
			shellPath = /bin/sh;
			shellScript = "\"${SRCROOT}/Pods/Target Support Files/Pods-BQLAuthEngine/Pods-BQLAuthEngine-frameworks.sh\"\n";
			showEnvVarsInLog = 0;
		};
		9F44A1C2CEF6B91B4C1B42F7 /* [CP] Check Pods Manifest.lock */ = {
			isa = PBXShellScriptBuildPhase;
			buildActionMask = 2147483647;
			files = (
			);
			inputPaths = (
			);
			name = "[CP] Check Pods Manifest.lock";
			outputPaths = (
			);
			runOnlyForDeploymentPostprocessing = 0;
			shellPath = /bin/sh;
			shellScript = "diff \"${PODS_ROOT}/../Podfile.lock\" \"${PODS_ROOT}/Manifest.lock\" > /dev/null\nif [ $? != 0 ] ; then\n    # print error to STDERR\n    echo \"error: The sandbox is not in sync with the Podfile.lock. Run 'pod install' or update your CocoaPods installation.\" >&2\n    exit 1\nfi\n";
			showEnvVarsInLog = 0;
		};
/* End PBXShellScriptBuildPhase section */

/* Begin PBXSourcesBuildPhase section */
		174826221E7782E600258A24 /* Sources */ = {
			isa = PBXSourcesBuildPhase;
			buildActionMask = 2147483647;
			files = (
				174826311E7782E600258A24 /* ViewController.m in Sources */,
				1748266A1E77837300258A24 /* BQLAuthEngine.m in Sources */,
				1748262E1E7782E600258A24 /* AppDelegate.m in Sources */,
				1748262B1E7782E600258A24 /* main.m in Sources */,
				174826801E778D1600258A24 /* BQLShareModel.m in Sources */,
			);
			runOnlyForDeploymentPostprocessing = 0;
		};
		1748263B1E7782E600258A24 /* Sources */ = {
			isa = PBXSourcesBuildPhase;
			buildActionMask = 2147483647;
			files = (
				174826441E7782E600258A24 /* BQLAuthEngineTests.m in Sources */,
			);
			runOnlyForDeploymentPostprocessing = 0;
		};
		174826461E7782E600258A24 /* Sources */ = {
			isa = PBXSourcesBuildPhase;
			buildActionMask = 2147483647;
			files = (
				1748264F1E7782E600258A24 /* BQLAuthEngineUITests.m in Sources */,
			);
			runOnlyForDeploymentPostprocessing = 0;
		};
/* End PBXSourcesBuildPhase section */

/* Begin PBXTargetDependency section */
		174826411E7782E600258A24 /* PBXTargetDependency */ = {
			isa = PBXTargetDependency;
			target = 174826251E7782E600258A24 /* BQLAuthEngine */;
			targetProxy = 174826401E7782E600258A24 /* PBXContainerItemProxy */;
		};
		1748264C1E7782E600258A24 /* PBXTargetDependency */ = {
			isa = PBXTargetDependency;
			target = 174826251E7782E600258A24 /* BQLAuthEngine */;
			targetProxy = 1748264B1E7782E600258A24 /* PBXContainerItemProxy */;
		};
/* End PBXTargetDependency section */

/* Begin PBXVariantGroup section */
		174826321E7782E600258A24 /* Main.storyboard */ = {
			isa = PBXVariantGroup;
			children = (
				174826331E7782E600258A24 /* Base */,
			);
			name = Main.storyboard;
			sourceTree = "<group>";
		};
		174826371E7782E600258A24 /* LaunchScreen.storyboard */ = {
			isa = PBXVariantGroup;
			children = (
				174826381E7782E600258A24 /* Base */,
			);
			name = LaunchScreen.storyboard;
			sourceTree = "<group>";
		};
/* End PBXVariantGroup section */

/* Begin XCBuildConfiguration section */
		174826511E7782E600258A24 /* Debug */ = {
			isa = XCBuildConfiguration;
			buildSettings = {
				ALWAYS_SEARCH_USER_PATHS = NO;
				CLANG_ANALYZER_NONNULL = YES;
				CLANG_CXX_LANGUAGE_STANDARD = "gnu++0x";
				CLANG_CXX_LIBRARY = "libc++";
				CLANG_ENABLE_MODULES = YES;
				CLANG_ENABLE_OBJC_ARC = YES;
				CLANG_WARN_BOOL_CONVERSION = YES;
				CLANG_WARN_CONSTANT_CONVERSION = YES;
				CLANG_WARN_DIRECT_OBJC_ISA_USAGE = YES_ERROR;
				CLANG_WARN_DOCUMENTATION_COMMENTS = YES;
				CLANG_WARN_EMPTY_BODY = YES;
				CLANG_WARN_ENUM_CONVERSION = YES;
				CLANG_WARN_INFINITE_RECURSION = YES;
				CLANG_WARN_INT_CONVERSION = YES;
				CLANG_WARN_OBJC_ROOT_CLASS = YES_ERROR;
				CLANG_WARN_SUSPICIOUS_MOVES = YES;
				CLANG_WARN_UNREACHABLE_CODE = YES;
				CLANG_WARN__DUPLICATE_METHOD_MATCH = YES;
				"CODE_SIGN_IDENTITY[sdk=iphoneos*]" = "iPhone Developer";
				COPY_PHASE_STRIP = NO;
				DEBUG_INFORMATION_FORMAT = dwarf;
				ENABLE_STRICT_OBJC_MSGSEND = YES;
				ENABLE_TESTABILITY = YES;
				GCC_C_LANGUAGE_STANDARD = gnu99;
				GCC_DYNAMIC_NO_PIC = NO;
				GCC_NO_COMMON_BLOCKS = YES;
				GCC_OPTIMIZATION_LEVEL = 0;
				GCC_PREPROCESSOR_DEFINITIONS = (
					"DEBUG=1",
					"$(inherited)",
				);
				GCC_WARN_64_TO_32_BIT_CONVERSION = YES;
				GCC_WARN_ABOUT_RETURN_TYPE = YES_ERROR;
				GCC_WARN_UNDECLARED_SELECTOR = YES;
				GCC_WARN_UNINITIALIZED_AUTOS = YES_AGGRESSIVE;
				GCC_WARN_UNUSED_FUNCTION = YES;
				GCC_WARN_UNUSED_VARIABLE = YES;
				IPHONEOS_DEPLOYMENT_TARGET = 10.1;
				MTL_ENABLE_DEBUG_INFO = YES;
				ONLY_ACTIVE_ARCH = YES;
				SDKROOT = iphoneos;
			};
			name = Debug;
		};
		174826521E7782E600258A24 /* Release */ = {
			isa = XCBuildConfiguration;
			buildSettings = {
				ALWAYS_SEARCH_USER_PATHS = NO;
				CLANG_ANALYZER_NONNULL = YES;
				CLANG_CXX_LANGUAGE_STANDARD = "gnu++0x";
				CLANG_CXX_LIBRARY = "libc++";
				CLANG_ENABLE_MODULES = YES;
				CLANG_ENABLE_OBJC_ARC = YES;
				CLANG_WARN_BOOL_CONVERSION = YES;
				CLANG_WARN_CONSTANT_CONVERSION = YES;
				CLANG_WARN_DIRECT_OBJC_ISA_USAGE = YES_ERROR;
				CLANG_WARN_DOCUMENTATION_COMMENTS = YES;
				CLANG_WARN_EMPTY_BODY = YES;
				CLANG_WARN_ENUM_CONVERSION = YES;
				CLANG_WARN_INFINITE_RECURSION = YES;
				CLANG_WARN_INT_CONVERSION = YES;
				CLANG_WARN_OBJC_ROOT_CLASS = YES_ERROR;
				CLANG_WARN_SUSPICIOUS_MOVES = YES;
				CLANG_WARN_UNREACHABLE_CODE = YES;
				CLANG_WARN__DUPLICATE_METHOD_MATCH = YES;
				"CODE_SIGN_IDENTITY[sdk=iphoneos*]" = "iPhone Developer";
				COPY_PHASE_STRIP = NO;
				DEBUG_INFORMATION_FORMAT = "dwarf-with-dsym";
				ENABLE_NS_ASSERTIONS = NO;
				ENABLE_STRICT_OBJC_MSGSEND = YES;
				GCC_C_LANGUAGE_STANDARD = gnu99;
				GCC_NO_COMMON_BLOCKS = YES;
				GCC_WARN_64_TO_32_BIT_CONVERSION = YES;
				GCC_WARN_ABOUT_RETURN_TYPE = YES_ERROR;
				GCC_WARN_UNDECLARED_SELECTOR = YES;
				GCC_WARN_UNINITIALIZED_AUTOS = YES_AGGRESSIVE;
				GCC_WARN_UNUSED_FUNCTION = YES;
				GCC_WARN_UNUSED_VARIABLE = YES;
				IPHONEOS_DEPLOYMENT_TARGET = 10.1;
				MTL_ENABLE_DEBUG_INFO = NO;
				SDKROOT = iphoneos;
				VALIDATE_PRODUCT = YES;
			};
			name = Release;
		};
		174826541E7782E600258A24 /* Debug */ = {
			isa = XCBuildConfiguration;
			baseConfigurationReference = 740708D7FCAF38902DF27476 /* Pods-BQLAuthEngine.debug.xcconfig */;
			buildSettings = {
				ASSETCATALOG_COMPILER_APPICON_NAME = AppIcon;
				CODE_SIGN_STYLE = Manual;
				DEVELOPMENT_TEAM = 6CLPJRDWPC;
				FRAMEWORK_SEARCH_PATHS = (
					"$(inherited)",
					"$(PROJECT_DIR)/BQLAuthEngine/BQLAuthEngine/SDK/QQ",
				);
				INFOPLIST_FILE = BQLAuthEngine/Info.plist;
				IPHONEOS_DEPLOYMENT_TARGET = 8.0;
				LD_RUNPATH_SEARCH_PATHS = "$(inherited) @executable_path/Frameworks";
				LIBRARY_SEARCH_PATHS = (
					"$(inherited)",
					"$(PROJECT_DIR)/BQLAuthEngine/BQLAuthEngine/SDK/Wechat",
				);
				PRODUCT_BUNDLE_IDENTIFIER = com.fy.test.app;
				PRODUCT_NAME = "$(TARGET_NAME)";
				PROVISIONING_PROFILE = "b16e7da0-be75-4f2d-844d-ffa4979be117";
				PROVISIONING_PROFILE_SPECIFIER = fu.test;
			};
			name = Debug;
		};
		174826551E7782E600258A24 /* Release */ = {
			isa = XCBuildConfiguration;
			baseConfigurationReference = E134855225127C9E385696BA /* Pods-BQLAuthEngine.release.xcconfig */;
			buildSettings = {
				ASSETCATALOG_COMPILER_APPICON_NAME = AppIcon;
				CODE_SIGN_STYLE = Manual;
				DEVELOPMENT_TEAM = "";
				FRAMEWORK_SEARCH_PATHS = (
					"$(inherited)",
					"$(PROJECT_DIR)/BQLAuthEngine/BQLAuthEngine/SDK/QQ",
				);
				INFOPLIST_FILE = BQLAuthEngine/Info.plist;
				IPHONEOS_DEPLOYMENT_TARGET = 8.0;
				LD_RUNPATH_SEARCH_PATHS = "$(inherited) @executable_path/Frameworks";
				LIBRARY_SEARCH_PATHS = (
					"$(inherited)",
					"$(PROJECT_DIR)/BQLAuthEngine/BQLAuthEngine/SDK/Wechat",
				);
				PRODUCT_BUNDLE_IDENTIFIER = com.fy.test.app;
				PRODUCT_NAME = "$(TARGET_NAME)";
				PROVISIONING_PROFILE_SPECIFIER = "";
			};
			name = Release;
		};
		174826571E7782E600258A24 /* Debug */ = {
			isa = XCBuildConfiguration;
			buildSettings = {
				BUNDLE_LOADER = "$(TEST_HOST)";
				DEVELOPMENT_TEAM = UCG3JW5WXD;
				INFOPLIST_FILE = BQLAuthEngineTests/Info.plist;
				LD_RUNPATH_SEARCH_PATHS = "$(inherited) @executable_path/Frameworks @loader_path/Frameworks";
				PRODUCT_BUNDLE_IDENTIFIER = llfinance.BQLAuthEngineTests;
				PRODUCT_NAME = "$(TARGET_NAME)";
				TEST_HOST = "$(BUILT_PRODUCTS_DIR)/BQLAuthEngine.app/BQLAuthEngine";
			};
			name = Debug;
		};
		174826581E7782E600258A24 /* Release */ = {
			isa = XCBuildConfiguration;
			buildSettings = {
				BUNDLE_LOADER = "$(TEST_HOST)";
				DEVELOPMENT_TEAM = UCG3JW5WXD;
				INFOPLIST_FILE = BQLAuthEngineTests/Info.plist;
				LD_RUNPATH_SEARCH_PATHS = "$(inherited) @executable_path/Frameworks @loader_path/Frameworks";
				PRODUCT_BUNDLE_IDENTIFIER = llfinance.BQLAuthEngineTests;
				PRODUCT_NAME = "$(TARGET_NAME)";
				TEST_HOST = "$(BUILT_PRODUCTS_DIR)/BQLAuthEngine.app/BQLAuthEngine";
			};
			name = Release;
		};
		1748265A1E7782E600258A24 /* Debug */ = {
			isa = XCBuildConfiguration;
			buildSettings = {
				DEVELOPMENT_TEAM = UCG3JW5WXD;
				INFOPLIST_FILE = BQLAuthEngineUITests/Info.plist;
				LD_RUNPATH_SEARCH_PATHS = "$(inherited) @executable_path/Frameworks @loader_path/Frameworks";
				PRODUCT_BUNDLE_IDENTIFIER = llfinance.BQLAuthEngineUITests;
				PRODUCT_NAME = "$(TARGET_NAME)";
				TEST_TARGET_NAME = BQLAuthEngine;
			};
			name = Debug;
		};
		1748265B1E7782E600258A24 /* Release */ = {
			isa = XCBuildConfiguration;
			buildSettings = {
				DEVELOPMENT_TEAM = UCG3JW5WXD;
				INFOPLIST_FILE = BQLAuthEngineUITests/Info.plist;
				LD_RUNPATH_SEARCH_PATHS = "$(inherited) @executable_path/Frameworks @loader_path/Frameworks";
				PRODUCT_BUNDLE_IDENTIFIER = llfinance.BQLAuthEngineUITests;
				PRODUCT_NAME = "$(TARGET_NAME)";
				TEST_TARGET_NAME = BQLAuthEngine;
			};
			name = Release;
		};
/* End XCBuildConfiguration section */

/* Begin XCConfigurationList section */
		174826211E7782E600258A24 /* Build configuration list for PBXProject "BQLAuthEngine" */ = {
			isa = XCConfigurationList;
			buildConfigurations = (
				174826511E7782E600258A24 /* Debug */,
				174826521E7782E600258A24 /* Release */,
			);
			defaultConfigurationIsVisible = 0;
			defaultConfigurationName = Release;
		};
		174826531E7782E600258A24 /* Build configuration list for PBXNativeTarget "BQLAuthEngine" */ = {
			isa = XCConfigurationList;
			buildConfigurations = (
				174826541E7782E600258A24 /* Debug */,
				174826551E7782E600258A24 /* Release */,
			);
			defaultConfigurationIsVisible = 0;
			defaultConfigurationName = Release;
		};
		174826561E7782E600258A24 /* Build configuration list for PBXNativeTarget "BQLAuthEngineTests" */ = {
			isa = XCConfigurationList;
			buildConfigurations = (
				174826571E7782E600258A24 /* Debug */,
				174826581E7782E600258A24 /* Release */,
			);
			defaultConfigurationIsVisible = 0;
			defaultConfigurationName = Release;
		};
		174826591E7782E600258A24 /* Build configuration list for PBXNativeTarget "BQLAuthEngineUITests" */ = {
			isa = XCConfigurationList;
			buildConfigurations = (
				1748265A1E7782E600258A24 /* Debug */,
				1748265B1E7782E600258A24 /* Release */,
			);
			defaultConfigurationIsVisible = 0;
			defaultConfigurationName = Release;
		};
/* End XCConfigurationList section */
	};
	rootObject = 1748261E1E7782E600258A24 /* Project object */;
}
